github.com/go-text/typesetting v0.3.4 h1:YYurUOtEb9kGSOz4uE3k4OpBGsp1dDL8+fjCeaFamAU=
github.com/go-text/typesetting v0.3.4/go.mod h1:4qZCQphq4KSgGTAeI0uMEkVbROgfah8BuyF5LRYr7XY=
github.com/go-text/typesetting-utils v0.0.0-20260223113751-2d88ac90dae3 h1:drBZzMgdYPbmyXqOto4YhhJGrFIQCX94FpR4MzTCsos=
github.com/go-text/typesetting-utils v0.0.0-20260223113751-2d88ac90dae3/go.mod h1:3/62I4La/HBRX9TcTpBj4eipLiwzf+vhI+7whTc9V7o=
github.com/go-webgpu/goffi v0.5.0 h1:EuvVRiRn9qAfCkYYXbHs9gz8NY+zv2/OA1N7gi56UVE=
github.com/go-webgpu/goffi v0.5.0/go.mod h1:wfoxNsJkU+5RFbV1kNN1kunhc1lFHuJKK3zpgx08/uM=
github.com/go-webgpu/webgpu v0.4.3 h1:dIBf7WgO/7VL2Cj7IFcq151rWqvSknsFe6k/+ZEEXEE=
github.com/go-webgpu/webgpu v0.4.3/go.mod h1:HNIBiaMJNdPeQd6hmHdQsXg4t4R99xVQybnoDGOShe0=
github.com/gogpu/gg v0.45.4 h1:Q5saa+cQcZkewSxIPDDsFVg5+eNmLx7FqN27HD3ISHo=
github.com/gogpu/gg v0.45.4/go.mod h1:wZ/coZqj2bS2eT5DOTz4QWraKCamHJ7F36VpvUCXi5o=
github.com/gogpu/gg v0.46.2 h1:TPPTOo9Cw5nUIhkkxrtcLMAEWIke/o1WgIcH1hs/liI=
github.com/gogpu/gg v0.46.2/go.mod h1:Og2JvPiWLUuGwWMrfXYbJZcXO8wD6nHZqtA6M9FmmYU=
github.com/gogpu/gogpu v0.32.3 h1:M5baNrwR+wB9CiH0RFyWIflx49DBFRNqhJYKZffBgsQ=
github.com/gogpu/gogpu v0.32.3/go.mod h1:JtsAjxYk7SG8LmvxBQH+AiiY2fXowK5Nfz4MYGSdwls=
github.com/gogpu/gogpu v0.33.0 h1:rzINLS0HxX9jIvD/fNbwPch53qzuK01ul1B4eIAGr+8=
github.com/gogpu/gogpu v0.33.0/go.mod h1:W9QXv4+ZM+VNPU0qkCFtcgzmrtVXjkvEojYNJ30/66A=
github.com/gogpu/gpucontext v0.17.0 h1:ptwrnCfZn0fMJa7yZU0FHy4CXNsmb6bdYJRFo0SFNN8=
github.com/gogpu/gpucontext v0.17.0/go.mod h1:6zwdmYXH5GQltoiHbb3WXVS/UJ5bFsCux0mXCVqGlzY=
github.com/gogpu/gpucontext v0.18.0 h1:Y48ScE0cNPevoqZEhT8CxWGh9C86TeCjtLu5eFU+Grw=
github.com/gogpu/gpucontext v0.18.0/go.mod h1:6zwdmYXH5GQltoiHbb3WXVS/UJ5bFsCux0mXCVqGlzY=
github.com/gogpu/gputypes v0.5.0 h1:i2ED/9w6m6yLxf8XJT69/NIMSNTLO2y5F1LqvugCKIE=
github.com/gogpu/gputypes v0.5.0/go.mod h1:cnXrDMwTpWTvJLW1Vreop3PcT6a2YP/i3s91rPaOavw=
github.com/gogpu/naga v0.17.13 h1:VlponVgD1fEfNotx0874M4n7tnfum8YlMEB3pBdd2Ps=
github.com/gogpu/naga v0.17.13/go.mod h1:15sQaHKkbqXcwTN+hHYGLsA0WBBnkmYzne/eF5p5WEg=
github.com/gogpu/wgpu v0.27.1 h1:uEiZTj6EFNZ2VWVSB9q7+Gqc+f9zsYuCe1Giu7ECKro=
github.com/gogpu/wgpu v0.27.1/go.mod h1:LordcEpJM76P0Ispw3r+3F2fAhd8khbBL7PgUa2iW/A=
golang.org/x/image v0.39.0 h1:skVYidAEVKgn8lZ602XO75asgXBgLj9G/FE3RbuPFww=
golang.org/x/image v0.39.0/go.mod h1:sIbmppfU+xFLPIG0FoVUTvyBMmgng1/XAMhQ2ft0hpA=
golang.org/x/sys v0.44.0 h1:ildZl3J4uzeKP07r2F++Op7E9B29JRUy+a27EibtBTQ=
golang.org/x/sys v0.44.0/go.mod h1:4GL1E5IUh+htKOUEOaiffhrAeqysfVGipDYzABqnCmw=
golang.org/x/text v0.36.0 h1:JfKh3XmcRPqZPKevfXVpI1wXPTqbkE5f7JA92a55Yxg=
golang.org/x/text v0.36.0/go.mod h1:NIdBknypM8iqVmPiuco0Dh6P5Jcdk8lJL0CUebqK164=
